
Microsoft Visual Studio Solution File, Format Version 12.00
# Visual Studio Version 17
VisualStudioVersion = 17.11.35327.3
MinimumVisualStudioVersion = 10.0.40219.1
Project("{FAE04EC0-301F-11D3-BF4B-00C04F79EFBC}") = "FUMiniHotelManagementAS2", "FUMiniHotelManagementAS2\FUMiniHotelManagementAS2.csproj", "{DF178F7B-5E9B-45EF-A6A9-AFA787DB4D3C}"
EndProject
Project("{FAE04EC0-301F-11D3-BF4B-00C04F79EFBC}") = "MiniHotelDAO", "MiniHotelDAO\MiniHotelDAO.csproj", "{776005BE-AC01-4881-9819-A4968650789A}"
EndProject
Project("{FAE04EC0-301F-11D3-BF4B-00C04F79EFBC}") = "MiniHotelRepo", "MiniHotelRepo\MiniHotelRepo.csproj", "{6AD8F7AB-EC9C-42DA-88EA-0200F6880F04}"
EndProject
Project("{FAE04EC0-301F-11D3-BF4B-00C04F79EFBC}") = "MiniHotelService", "MiniHotelService\MiniHotelService.csproj", "{BFA2908D-9F23-4D5C-96F2-16E549C6A07F}"
EndProject
Project("{FAE04EC0-301F-11D3-BF4B-00C04F79EFBC}") = "BusinessObjects", "BusinessObjects\BusinessObjects.csproj", "{F5042D71-8C4E-4B46-8C84-D3A582701098}"
EndProject
Global
	GlobalSection(SolutionConfigurationPlatforms) = preSolution
		Debug|Any CPU = Debug|Any CPU
		Release|Any CPU = Release|Any CPU
	EndGlobalSection
	GlobalSection(ProjectConfigurationPlatforms) = postSolution
		{DF178F7B-5E9B-45EF-A6A9-AFA787DB4D3C}.Debug|Any CPU.ActiveCfg = Debug|Any CPU
		{DF178F7B-5E9B-45EF-A6A9-AFA787DB4D3C}.Debug|Any CPU.Build.0 = Debug|Any CPU
		{DF178F7B-5E9B-45EF-A6A9-AFA787DB4D3C}.Release|Any CPU.ActiveCfg = Release|Any CPU
		{DF178F7B-5E9B-45EF-A6A9-AFA787DB4D3C}.Release|Any CPU.Build.0 = Release|Any CPU
		{776005BE-AC01-4881-9819-A4968650789A}.Debug|Any CPU.ActiveCfg = Debug|Any CPU
		{776005BE-AC01-4881-9819-A4968650789A}.Debug|Any CPU.Build.0 = Debug|Any CPU
		{776005BE-AC01-4881-9819-A4968650789A}.Release|Any CPU.ActiveCfg = Release|Any CPU
		{776005BE-AC01-4881-9819-A4968650789A}.Release|Any CPU.Build.0 = Release|Any CPU
		{6AD8F7AB-EC9C-42DA-88EA-0200F6880F04}.Debug|Any CPU.ActiveCfg = Debug|Any CPU
		{6AD8F7AB-EC9C-42DA-88EA-0200F6880F04}.Debug|Any CPU.Build.0 = Debug|Any CPU
		{6AD8F7AB-EC9C-42DA-88EA-0200F6880F04}.Release|Any CPU.ActiveCfg = Release|Any CPU
		{6AD8F7AB-EC9C-42DA-88EA-0200F6880F04}.Release|Any CPU.Build.0 = Release|Any CPU
		{BFA2908D-9F23-4D5C-96F2-16E549C6A07F}.Debug|Any CPU.ActiveCfg = Debug|Any CPU
		{BFA2908D-9F23-4D5C-96F2-16E549C6A07F}.Debug|Any CPU.Build.0 = Debug|Any CPU
		{BFA2908D-9F23-4D5C-96F2-16E549C6A07F}.Release|Any CPU.ActiveCfg = Release|Any CPU
		{BFA2908D-9F23-4D5C-96F2-16E549C6A07F}.Release|Any CPU.Build.0 = Release|Any CPU
		{F5042D71-8C4E-4B46-8C84-D3A582701098}.Debug|Any CPU.ActiveCfg = Debug|Any CPU
		{F5042D71-8C4E-4B46-8C84-D3A582701098}.Debug|Any CPU.Build.0 = Debug|Any CPU
		{F5042D71-8C4E-4B46-8C84-D3A582701098}.Release|Any CPU.ActiveCfg = Release|Any CPU
		{F5042D71-8C4E-4B46-8C84-D3A582701098}.Release|Any CPU.Build.0 = Release|Any CPU
	EndGlobalSection
	GlobalSection(SolutionProperties) = preSolution
		HideSolutionNode = FALSE
	EndGlobalSection
	GlobalSection(ExtensibilityGlobals) = postSolution
		SolutionGuid = {8AB16EB3-69DA-4EB2-8C38-A484C375D756}
	EndGlobalSection
EndGlobal
